
Microsoft Visual Studio Solution File, Format Version 12.00
# Visual Studio 15
Project("{FAE04EC0-301F-11D3-BF4B-00C04F79EFBC}") = "Test Proj1", "Assembly-CSharp.csproj", "{CCD26744-C906-C76D-F8FA-6595C7F48F89}"
EndProject
Project("{FAE04EC0-301F-11D3-BF4B-00C04F79EFBC}") = "Test Proj1", "Assembly-CSharp-Editor.csproj", "{6666337A-5D77-7BC7-221B-37B29992FCF7}"
EndProject
Global
	GlobalSection(SolutionConfigurationPlatforms) = preSolution
		Debug|Any CPU = Debug|Any CPU
		Release|Any CPU = Release|Any CPU
	EndGlobalSection
	GlobalSection(ProjectConfigurationPlatforms) = postSolution
		{CCD26744-C906-C76D-F8FA-6595C7F48F89}.Debug|Any CPU.ActiveCfg = Debug|Any CPU
		{CCD26744-C906-C76D-F8FA-6595C7F48F89}.Debug|Any CPU.Build.0 = Debug|Any CPU
		{CCD26744-C906-C76D-F8FA-6595C7F48F89}.Release|Any CPU.ActiveCfg = Release|Any CPU
		{CCD26744-C906-C76D-F8FA-6595C7F48F89}.Release|Any CPU.Build.0 = Release|Any CPU
		{6666337A-5D77-7BC7-221B-37B29992FCF7}.Debug|Any CPU.ActiveCfg = Debug|Any CPU
		{6666337A-5D77-7BC7-221B-37B29992FCF7}.Debug|Any CPU.Build.0 = Debug|Any CPU
		{6666337A-5D77-7BC7-221B-37B29992FCF7}.Release|Any CPU.ActiveCfg = Release|Any CPU
		{6666337A-5D77-7BC7-221B-37B29992FCF7}.Release|Any CPU.Build.0 = Release|Any CPU
	EndGlobalSection
	GlobalSection(SolutionProperties) = preSolution
		HideSolutionNode = FALSE
	EndGlobalSection
EndGlobal
